# THIS IS AN AUTOGENERATED FILE. DO NOT EDIT THIS FILE DIRECTLY.
# yarn lockfile v1


"@types/node@^14.14.37":
  version "14.14.37"
  resolved "https://registry.yarnpkg.com/@types/node/-/node-14.14.37.tgz#a3dd8da4eb84a996c36e331df98d82abd76b516e"
  integrity sha512-XYmBiy+ohOR4Lh5jE379fV2IU+6Jn4g5qASinhitfyO71b/sCo6MKsMLF5tc7Zf2CE8hViVQyYSobJNke8OvUw==

big-integer@^1.6.48:
  version "1.6.48"
  resolved "https://registry.yarnpkg.com/big-integer/-/big-integer-1.6.48.tgz#8fd88bd1632cba4a1c8c3e3d7159f08bb95b4b9e"
  integrity sha512-j51egjPa7/i+RdiRuJbPdJ2FIUYYPhvYLjzoYbcMMm62ooO6F94fETG4MTs46zPAF9Brs04OajboA/qTGuz78w==

esbuild-register@^2.4.0:
  version "2.4.0"
  resolved "https://registry.yarnpkg.com/esbuild-register/-/esbuild-register-2.4.0.tgz#f266252a44b79a3a66a19959f5530fcc52ef5b6d"
  integrity sha512-1mWroad5Mz8fqMxd0GfmEWoAuRBSsBObLVp5rpFOQSavUNgyhR5NoVlECrDcE2iineekoTsBeNS9QxKvqKvNjw==
  dependencies:
    esbuild "^0.11.5"
    jsonc-parser "^3.0.0"

esbuild@^0.11.5:
  version "0.11.10"
  resolved "https://registry.yarnpkg.com/esbuild/-/esbuild-0.11.10.tgz#f5d39e4d9cc130b78d751664fef1b663240f5545"
  integrity sha512-XvGbf+UreVFA24Tlk6sNOqNcvF2z49XAZt4E7A4H80+yqn944QOLTTxaU0lkdYNtZKFiITNea+VxmtrfjvnLPA==

jsonc-parser@^3.0.0:
  version "3.0.0"
  resolved "https://registry.yarnpkg.com/jsonc-parser/-/jsonc-parser-3.0.0.tgz#abdd785701c7e7eaca8a9ec8cf070ca51a745a22"
  integrity sha512-fQzRfAbIBnR0IQvftw9FJveWiHp72Fg20giDrHz6TdfB12UH/uue0D3hm57UB5KgAVuniLMCaS8P1IMj9NR7cA==

node-sql-parser@^3.1.0:
  version "3.1.0"
  resolved "https://registry.yarnpkg.com/node-sql-parser/-/node-sql-parser-3.1.0.tgz#997e51581e89a218a91cabc2e863b072b5f9969f"
  integrity sha512-bm1vct9T8EtPi4/z8GA/UbN/xEwfUQsqhvmgnwyNMRSiQ4jvukCE4Esl363HbnBnXFhc5T4V9DuO29pWtC0q6w==
  dependencies:
    big-integer "^1.6.48"

typescript@^4.2.4:
  version "4.2.4"
  resolved "https://registry.yarnpkg.com/typescript/-/typescript-4.2.4.tgz#8610b59747de028fda898a8aef0e103f156d0961"
  integrity sha512-V+evlYHZnQkaz8TRBuxTA92yZBPotr5H+WhQ7bD3hZUndx5tGOa1fuCgeSjxAzM1RiN5IzvadIXTVefuuwZCRg==
