# THIS IS AN AUTOGENERATED FILE. DO NOT EDIT THIS FILE DIRECTLY.
# yarn lockfile v1


"@codemix/ts-sql@^1.0.0":
  version "1.0.0"
  resolved "https://registry.yarnpkg.com/@codemix/ts-sql/-/ts-sql-1.0.0.tgz#e3dc3d0121209f69e4bf471cd071c5e2445561cc"
  integrity sha512-vA+UQH9kRtFE8p5spQTq17b2KqMceQgXUG0VX42UPDfUUiFYN04j8BFd6kKRXsvdv+JWxrYcSQ5GzuJQUEd5Kg==

"@types/node@^12.20.7":
  version "12.20.7"
  resolved "https://registry.yarnpkg.com/@types/node/-/node-12.20.7.tgz#1cb61fd0c85cb87e728c43107b5fd82b69bc9ef8"
  integrity sha512-gWL8VUkg8VRaCAUgG9WmhefMqHmMblxe2rVpMF86nZY/+ZysU+BkAp+3cz03AixWDSSz0ks5WX59yAhv/cDwFA==

big-integer@^1.6.48:
  version "1.6.48"
  resolved "https://registry.yarnpkg.com/big-integer/-/big-integer-1.6.48.tgz#8fd88bd1632cba4a1c8c3e3d7159f08bb95b4b9e"
  integrity sha512-j51egjPa7/i+RdiRuJbPdJ2FIUYYPhvYLjzoYbcMMm62ooO6F94fETG4MTs46zPAF9Brs04OajboA/qTGuz78w==

js-sql-parser@^1.4.1:
  version "1.4.1"
  resolved "https://registry.yarnpkg.com/js-sql-parser/-/js-sql-parser-1.4.1.tgz#775516b3187dd5872ecec04bef8ed4a430242fda"
  integrity sha512-J8zi3+/yK4FWSnVvLOjS2HIGfJhR6v7ApwIF8gZ/SpaO/tFIDlsgugD6ZMn6flXiuMsCjJxvhE0+xBgbdzvDDw==

node-sql-parser@^3.1.0:
  version "3.1.0"
  resolved "https://registry.yarnpkg.com/node-sql-parser/-/node-sql-parser-3.1.0.tgz#997e51581e89a218a91cabc2e863b072b5f9969f"
  integrity sha512-bm1vct9T8EtPi4/z8GA/UbN/xEwfUQsqhvmgnwyNMRSiQ4jvukCE4Esl363HbnBnXFhc5T4V9DuO29pWtC0q6w==
  dependencies:
    big-integer "^1.6.48"

sql-parser@^0.5.0:
  version "0.5.0"
  resolved "https://registry.yarnpkg.com/sql-parser/-/sql-parser-0.5.0.tgz#a79b6e66452f3d615b211989f006f34033bc436a"
  integrity sha1-p5tuZkUvPWFbIRmJ8AbzQDO8Q2o=

typescript@^4.2.4:
  version "4.2.4"
  resolved "https://registry.yarnpkg.com/typescript/-/typescript-4.2.4.tgz#8610b59747de028fda898a8aef0e103f156d0961"
  integrity sha512-V+evlYHZnQkaz8TRBuxTA92yZBPotr5H+WhQ7bD3hZUndx5tGOa1fuCgeSjxAzM1RiN5IzvadIXTVefuuwZCRg==
